
Microsoft Visual Studio Solution File, Format Version 12.00
# Visual Studio Version 16
VisualStudioVersion = 16.0.29509.3
MinimumVisualStudioVersion = 10.0.40219.1
Project("{9A19103F-16F7-4668-BE54-9A1E7A4F7556}") = "AspDotNetCore3", "AspDotNetCore3\AspDotNetCore3.csproj", "{4A28D8D8-7CDB-4D5C-9A5F-7281226A60E6}"
EndProject
Project("{9A19103F-16F7-4668-BE54-9A1E7A4F7556}") = "Infrastructure", "Infrastructure\Infrastructure.csproj", "{DDA0F9CD-9D29-490C-A03B-2FBEBFD1F41F}"
EndProject
Project("{9A19103F-16F7-4668-BE54-9A1E7A4F7556}") = "Core", "Core\Core.csproj", "{2CB08039-4A8C-49E6-B346-940C476620E6}"
EndProject
Project("{9A19103F-16F7-4668-BE54-9A1E7A4F7556}") = "Tasks", "Tasks\Tasks.csproj", "{6087C07A-26FE-4E64-8799-2ADA3FDC7060}"
EndProject
Project("{9A19103F-16F7-4668-BE54-9A1E7A4F7556}") = "Services", "Services\Services.csproj", "{F899A8C7-D884-4F75-9E3F-B9FB1AEB8596}"
EndProject
Project("{9A19103F-16F7-4668-BE54-9A1E7A4F7556}") = "Tests", "Tests\Tests.csproj", "{14373226-B970-4C80-A251-9A00CEFB45DB}"
EndProject
Project("{FAE04EC0-301F-11D3-BF4B-00C04F79EFBC}") = "Applications", "Application\Applications.csproj", "{99C00EA7-49AD-4994-814F-A37F8E8B4B9E}"
EndProject
Global
	GlobalSection(SolutionConfigurationPlatforms) = preSolution
		Debug|Any CPU = Debug|Any CPU
		Release|Any CPU = Release|Any CPU
	EndGlobalSection
	GlobalSection(ProjectConfigurationPlatforms) = postSolution
		{4A28D8D8-7CDB-4D5C-9A5F-7281226A60E6}.Debug|Any CPU.ActiveCfg = Debug|Any CPU
		{4A28D8D8-7CDB-4D5C-9A5F-7281226A60E6}.Debug|Any CPU.Build.0 = Debug|Any CPU
		{4A28D8D8-7CDB-4D5C-9A5F-7281226A60E6}.Release|Any CPU.ActiveCfg = Release|Any CPU
		{4A28D8D8-7CDB-4D5C-9A5F-7281226A60E6}.Release|Any CPU.Build.0 = Release|Any CPU
		{DDA0F9CD-9D29-490C-A03B-2FBEBFD1F41F}.Debug|Any CPU.ActiveCfg = Debug|Any CPU
		{DDA0F9CD-9D29-490C-A03B-2FBEBFD1F41F}.Debug|Any CPU.Build.0 = Debug|Any CPU
		{DDA0F9CD-9D29-490C-A03B-2FBEBFD1F41F}.Release|Any CPU.ActiveCfg = Release|Any CPU
		{DDA0F9CD-9D29-490C-A03B-2FBEBFD1F41F}.Release|Any CPU.Build.0 = Release|Any CPU
		{2CB08039-4A8C-49E6-B346-940C476620E6}.Debug|Any CPU.ActiveCfg = Debug|Any CPU
		{2CB08039-4A8C-49E6-B346-940C476620E6}.Debug|Any CPU.Build.0 = Debug|Any CPU
		{2CB08039-4A8C-49E6-B346-940C476620E6}.Release|Any CPU.ActiveCfg = Release|Any CPU
		{2CB08039-4A8C-49E6-B346-940C476620E6}.Release|Any CPU.Build.0 = Release|Any CPU
		{6087C07A-26FE-4E64-8799-2ADA3FDC7060}.Debug|Any CPU.ActiveCfg = Debug|Any CPU
		{6087C07A-26FE-4E64-8799-2ADA3FDC7060}.Debug|Any CPU.Build.0 = Debug|Any CPU
		{6087C07A-26FE-4E64-8799-2ADA3FDC7060}.Release|Any CPU.ActiveCfg = Release|Any CPU
		{6087C07A-26FE-4E64-8799-2ADA3FDC7060}.Release|Any CPU.Build.0 = Release|Any CPU
		{F899A8C7-D884-4F75-9E3F-B9FB1AEB8596}.Debug|Any CPU.ActiveCfg = Debug|Any CPU
		{F899A8C7-D884-4F75-9E3F-B9FB1AEB8596}.Debug|Any CPU.Build.0 = Debug|Any CPU
		{F899A8C7-D884-4F75-9E3F-B9FB1AEB8596}.Release|Any CPU.ActiveCfg = Release|Any CPU
		{F899A8C7-D884-4F75-9E3F-B9FB1AEB8596}.Release|Any CPU.Build.0 = Release|Any CPU
		{14373226-B970-4C80-A251-9A00CEFB45DB}.Debug|Any CPU.ActiveCfg = Debug|Any CPU
		{14373226-B970-4C80-A251-9A00CEFB45DB}.Debug|Any CPU.Build.0 = Debug|Any CPU
		{14373226-B970-4C80-A251-9A00CEFB45DB}.Release|Any CPU.ActiveCfg = Release|Any CPU
		{14373226-B970-4C80-A251-9A00CEFB45DB}.Release|Any CPU.Build.0 = Release|Any CPU
		{99C00EA7-49AD-4994-814F-A37F8E8B4B9E}.Debug|Any CPU.ActiveCfg = Debug|Any CPU
		{99C00EA7-49AD-4994-814F-A37F8E8B4B9E}.Debug|Any CPU.Build.0 = Debug|Any CPU
		{99C00EA7-49AD-4994-814F-A37F8E8B4B9E}.Release|Any CPU.ActiveCfg = Release|Any CPU
		{99C00EA7-49AD-4994-814F-A37F8E8B4B9E}.Release|Any CPU.Build.0 = Release|Any CPU
	EndGlobalSection
	GlobalSection(SolutionProperties) = preSolution
		HideSolutionNode = FALSE
	EndGlobalSection
	GlobalSection(ExtensibilityGlobals) = postSolution
		SolutionGuid = {58D6CACA-9F95-4808-8286-78CFD31FD94C}
	EndGlobalSection
EndGlobal
