
Microsoft Visual Studio Solution File, Format Version 12.00
# Visual Studio Version 16
VisualStudioVersion = 16.0.29509.3
MinimumVisualStudioVersion = 10.0.40219.1
Project("{9A19103F-16F7-4668-BE54-9A1E7A4F7556}") = "AspDotNetCore3", "AspDotNetCore3\AspDotNetCore3.csproj", "{4A28D8D8-7CDB-4D5C-9A5F-7281226A60E6}"
EndProject
Project("{9A19103F-16F7-4668-BE54-9A1E7A4F7556}") = "Infrastructure", "Infrastructure\Infrastructure.csproj", "{DDA0F9CD-9D29-490C-A03B-2FBEBFD1F41F}"
EndProject
Project("{9A19103F-16F7-4668-BE54-9A1E7A4F7556}") = "Core", "Core\Core.csproj", "{2CB08039-4A8C-49E6-B346-940C476620E6}"
EndProject
Global
	GlobalSection(SolutionConfigurationPlatforms) = preSolution
		Debug|Any CPU = Debug|Any CPU
		Release|Any CPU = Release|Any CPU
	EndGlobalSection
	GlobalSection(ProjectConfigurationPlatforms) = postSolution
		{4A28D8D8-7CDB-4D5C-9A5F-7281226A60E6}.Debug|Any CPU.ActiveCfg = Debug|Any CPU
		{4A28D8D8-7CDB-4D5C-9A5F-7281226A60E6}.Debug|Any CPU.Build.0 = Debug|Any CPU
		{4A28D8D8-7CDB-4D5C-9A5F-7281226A60E6}.Release|Any CPU.ActiveCfg = Release|Any CPU
		{4A28D8D8-7CDB-4D5C-9A5F-7281226A60E6}.Release|Any CPU.Build.0 = Release|Any CPU
		{DDA0F9CD-9D29-490C-A03B-2FBEBFD1F41F}.Debug|Any CPU.ActiveCfg = Debug|Any CPU
		{DDA0F9CD-9D29-490C-A03B-2FBEBFD1F41F}.Debug|Any CPU.Build.0 = Debug|Any CPU
		{DDA0F9CD-9D29-490C-A03B-2FBEBFD1F41F}.Release|Any CPU.ActiveCfg = Release|Any CPU
		{DDA0F9CD-9D29-490C-A03B-2FBEBFD1F41F}.Release|Any CPU.Build.0 = Release|Any CPU
		{2CB08039-4A8C-49E6-B346-940C476620E6}.Debug|Any CPU.ActiveCfg = Debug|Any CPU
		{2CB08039-4A8C-49E6-B346-940C476620E6}.Debug|Any CPU.Build.0 = Debug|Any CPU
		{2CB08039-4A8C-49E6-B346-940C476620E6}.Release|Any CPU.ActiveCfg = Release|Any CPU
		{2CB08039-4A8C-49E6-B346-940C476620E6}.Release|Any CPU.Build.0 = Release|Any CPU
	EndGlobalSection
	GlobalSection(SolutionProperties) = preSolution
		HideSolutionNode = FALSE
	EndGlobalSection
	GlobalSection(ExtensibilityGlobals) = postSolution
		SolutionGuid = {58D6CACA-9F95-4808-8286-78CFD31FD94C}
	EndGlobalSection
EndGlobal
